GEM
  remote: https://rubygems.org/
  specs:
    bigdecimal (4.0.1)
    concurrent-ruby (1.3.6)
    dentaku (3.5.7)
      bigdecimal
      concurrent-ruby
    minitest (5.27.0)
    tsort (0.2.0)

PLATFORMS
  x64-mingw-ucrt

DEPENDENCIES
  dentaku (~> 3.4)
  minitest (~> 5.0)
  tsort (~> 0.1)

CHECKSUMS
  bigdecimal (4.0.1) sha256=8b07d3d065a9f921c80ceaea7c9d4ae596697295b584c296fe599dd0ad01c4a7
  concurrent-ruby (1.3.6) sha256=6b56837e1e7e5292f9864f34b69c5a2cbc75c0cf5338f1ce9903d10fa762d5ab
  dentaku (3.5.7) sha256=8d15a4a801ac8e1491dd2842bb76e38dd2794e9c8aa0f6e06f59d7ec62727db0
  minitest (5.27.0) sha256=2d3b17f8a36fe7801c1adcffdbc38233b938eb0b4966e97a6739055a45fa77d5
  tsort (0.2.0) sha256=9650a793f6859a43b6641671278f79cfead60ac714148aabe4e3f0060480089f

BUNDLED WITH
  4.0.3
